
Microsoft Visual Studio Solution File, Format Version 12.00
# Visual Studio Version 16
VisualStudioVersion = 16.0.32901.82
MinimumVisualStudioVersion = 10.0.40219.1
Project("{FAE04EC0-301F-11D3-BF4B-00C04F79EFBC}") = "T2-ej4", "T2-ej4.csproj", "{B9DBEC20-E4AC-4351-AC54-9EC8ED171183}"
EndProject
Global
	GlobalSection(SolutionConfigurationPlatforms) = preSolution
		Debug|Any CPU = Debug|Any CPU
		Release|Any CPU = Release|Any CPU
	EndGlobalSection
	GlobalSection(ProjectConfigurationPlatforms) = postSolution
		{B9DBEC20-E4AC-4351-AC54-9EC8ED171183}.Debug|Any CPU.ActiveCfg = Debug|Any CPU
		{B9DBEC20-E4AC-4351-AC54-9EC8ED171183}.Debug|Any CPU.Build.0 = Debug|Any CPU
		{B9DBEC20-E4AC-4351-AC54-9EC8ED171183}.Release|Any CPU.ActiveCfg = Release|Any CPU
		{B9DBEC20-E4AC-4351-AC54-9EC8ED171183}.Release|Any CPU.Build.0 = Release|Any CPU
	EndGlobalSection
	GlobalSection(SolutionProperties) = preSolution
		HideSolutionNode = FALSE
	EndGlobalSection
	GlobalSection(ExtensibilityGlobals) = postSolution
		SolutionGuid = {79B2B362-4B53-4190-BE25-6C2E9D78AF3A}
	EndGlobalSection
EndGlobal
